
Microsoft Visual Studio Solution File, Format Version 12.00
# Visual Studio Version 17
VisualStudioVersion = 17.6.33829.357
MinimumVisualStudioVersion = 10.0.40219.1
Project("{FAE04EC0-301F-11D3-BF4B-00C04F79EFBC}") = "mario", "mario\mario.csproj", "{2E05E8FB-DD69-4FAE-8B2F-06CFAB10897B}"
EndProject
Global
	GlobalSection(SolutionConfigurationPlatforms) = preSolution
		Debug|Any CPU = Debug|Any CPU
		Release|Any CPU = Release|Any CPU
	EndGlobalSection
	GlobalSection(ProjectConfigurationPlatforms) = postSolution
		{2E05E8FB-DD69-4FAE-8B2F-06CFAB10897B}.Debug|Any CPU.ActiveCfg = Debug|Any CPU
		{2E05E8FB-DD69-4FAE-8B2F-06CFAB10897B}.Debug|Any CPU.Build.0 = Debug|Any CPU
		{2E05E8FB-DD69-4FAE-8B2F-06CFAB10897B}.Release|Any CPU.ActiveCfg = Release|Any CPU
		{2E05E8FB-DD69-4FAE-8B2F-06CFAB10897B}.Release|Any CPU.Build.0 = Release|Any CPU
	EndGlobalSection
	GlobalSection(SolutionProperties) = preSolution
		HideSolutionNode = FALSE
	EndGlobalSection
	GlobalSection(ExtensibilityGlobals) = postSolution
		SolutionGuid = {424A6067-BD16-4B49-9F14-882921D5B8F7}
	EndGlobalSection
EndGlobal
